
Microsoft Visual Studio Solution File, Format Version 12.00
# Visual Studio Version 17
VisualStudioVersion = 17.5.33530.505
MinimumVisualStudioVersion = 10.0.40219.1
Project("{FAE04EC0-301F-11D3-BF4B-00C04F79EFBC}") = "ModifyHL2Volume", "ModifyHL2Volume\ModifyHL2Volume.csproj", "{6CF27E94-8AE2-4CF4-A513-48DC6F871FD8}"
EndProject
Global
	GlobalSection(SolutionConfigurationPlatforms) = preSolution
		Debug|Any CPU = Debug|Any CPU
		Release|Any CPU = Release|Any CPU
	EndGlobalSection
	GlobalSection(ProjectConfigurationPlatforms) = postSolution
		{6CF27E94-8AE2-4CF4-A513-48DC6F871FD8}.Debug|Any CPU.ActiveCfg = Debug|Any CPU
		{6CF27E94-8AE2-4CF4-A513-48DC6F871FD8}.Debug|Any CPU.Build.0 = Debug|Any CPU
		{6CF27E94-8AE2-4CF4-A513-48DC6F871FD8}.Release|Any CPU.ActiveCfg = Release|Any CPU
		{6CF27E94-8AE2-4CF4-A513-48DC6F871FD8}.Release|Any CPU.Build.0 = Release|Any CPU
	EndGlobalSection
	GlobalSection(SolutionProperties) = preSolution
		HideSolutionNode = FALSE
	EndGlobalSection
	GlobalSection(ExtensibilityGlobals) = postSolution
		SolutionGuid = {83CB46B8-ED88-4395-AB20-E495FAEBC7D1}
	EndGlobalSection
EndGlobal
